Microsoft Visual Studio Solution File, Format Version 12.00
# Visual Studio Version 17
VisualStudioVersion = 17.8.32324.202
MinimumVisualStudioVersion = 10.0.40219.1
Project("{FAE04EC0-301F-11D3-BF4B-00C04F79EFBC}") = "ContractManagement.Api", "src\ContractManagement.Api\ContractManagement.Api.csproj", "{A1B2C3D4-E5F6-7890-G1H2-I3J4K5L6M7N8}"
Project("{FAE04EC0-301F-11D3-BF4B-00C04F79EFBC}") = "ContractManagement.Application", "src\ContractManagement.Application\ContractManagement.Application.csproj", "{B2C3D4E5-F6G7-8901-H2I3-J4K5L6M7N8O9}"
Project("{FAE04EC0-301F-11D3-BF4B-00C04F79EFBC}") = "ContractManagement.Domain", "src\ContractManagement.Domain\ContractManagement.Domain.csproj", "{C3D4E5F6-G7H8-9012-I3J4-K5L6M7N8O9P0}"
Project("{FAE04EC0-301F-11D3-BF4B-00C04F79EFBC}") = "ContractManagement.Infrastructure", "src\ContractManagement.Infrastructure\ContractManagement.Infrastructure.csproj", "{D4E5F6G7-H8I9-J012-K3L4-M5N6O7P8Q9R0}"
Project("{FAE04EC0-301F-11D3-BF4B-00C04F79EFBC}") = "ContractManagement.UnitTests", "tests\ContractManagement.UnitTests\ContractManagement.UnitTests.csproj", "{E5F6G7H8-I9J0-K1L2-M3N4-O5P6Q7R8S9T0}"
Project("{FAE04EC0-301F-11D3-BF4B-00C04F79EFBC}") = "ContractManagement.IntegrationTests", "tests\ContractManagement.IntegrationTests\ContractManagement.IntegrationTests.csproj", "{F6G7H8I9-J0K1-L2M3-N4O5-P6Q7R8S9-T0U1}"
EndProject
Global
	GlobalSection(SolutionConfigurationPlatforms) = preSolution
		Debug|Any CPU = Debug|Any CPU
		Release|Any CPU = Release|Any CPU
	EndGlobalSection
	GlobalSection(ProjectConfigurationPlatforms) = postSolution
		{A1B2C3D4-E5F6-7890-G1H2-I3J4K5L6M7N8}.Debug|Any CPU.ActiveCfg = Debug|Any CPU
		{A1B2C3D4-E5F6-7890-G1H2-I3J4K5L6M7N8}.Debug|Any CPU.Build = Debug|Any CPU
		{A1B2C3D4-E5F6-7890-G1H2-I3J4K5L6M7N8}.Release|Any CPU.ActiveCfg = Release|Any CPU
		{A1B2C3D4-E5F6-7890-G1H2-I3J4K5L6M7N8}.Release|Any CPU.Build = Release|Any CPU
		{B2C3D4E5-F6G7-8901-H2I3-J4K5L6M7N8O9}.Debug|Any CPU.ActiveCfg = Debug|Any CPU
		{B2C3D4E5-F6G7-8901-H2I3-J4K5L6M7N8O9}.Debug|Any CPU.Build = Debug|Any CPU
		{B2C3D4E5-F6G7-8901-H2I3-J4K5L6M7N8O9}.Release|Any CPU.ActiveCfg = Release|Any CPU
		{B2C3D4E5-F6G7-8901-H2I3-J4K5L6M7N8O9}.Release|Any CPU.Build = Release|Any CPU
		{C3D4E5F6-G7H8-9012-I3J4-K5L6M7N8O9P0}.Debug|Any CPU.ActiveCfg = Debug|Any CPU
		{C3D4E5F6-G7H8-9012-I3J4-K5L6M7N8O9P0}.Debug|Any CPU.Build = Debug|Any CPU
		{C3D4E5F6-G7H8-9012-I3J4-K5L6M7N8O9P0}.Release|Any CPU.ActiveCfg = Release|Any CPU
		{C3D4E5F6-G7H8-9012-I3J4-K5L6M7N8O9P0}.Release|Any CPU.Build = Release|Any CPU
		{D4E5F6G7-H8I9-J012-K3L4-M5N6O7P8Q9R0}.Debug|Any CPU.ActiveCfg = Debug|Any CPU
		{D4E5F6G7-H8I9-J012-K3L4-M5N6O7P8Q9R0}.Debug|Any CPU.Build = Debug|Any CPU
		{D4E5F6G7-H8I9-J012-K3L4-M5N6O7P8Q9R0}.Release|Any CPU.ActiveCfg = Release|Any CPU
		{D4E5F6G7-H8I9-J012-K3L4-M5N6O7P8Q9R0}.Release|Any CPU.Build = Release|Any CPU
		{E5F6G7H8-I9J0-K1L2-M3N4-O5P6Q7R8S9T0}.Debug|Any CPU.ActiveCfg = Debug|Any CPU
		{E5F6G7H8-I9J0-K1L2-M3N4-O5P6Q7R8S9T0}.Debug|Any CPU.Build = Debug|Any CPU
		{E5F6G7H8-I9J0-K1L2-M3N4-O5P6Q7R8S9T0}.Release|Any CPU.ActiveCfg = Release|Any CPU
		{E5F6G7H8-I9J0-K1L2-M3N4-O5P6Q7R8S9T0}.Release|Any CPU.Build = Release|Any CPU
		{F6G7H8I9-J0K1-L2M3-N4O5-P6Q7R8S9-T0U1}.Debug|Any CPU.ActiveCfg = Debug|Any CPU
		{F6G7H8I9-J0K1-L2M3-N4O5-P6Q7R8S9-T0U1}.Debug|Any CPU.Build = Debug|Any CPU
		{F6G7H8I9-J0K1-L2M3-N4O5-P6Q7R8S9-T0U1}.Release|Any CPU.ActiveCfg = Release|Any CPU
		{F6G7H8I9-J0K1-L2M3-N4O5-P6Q7R8S9-T0U1}.Release|Any CPU.Build = Release|Any CPU
	EndGlobalSection
	GlobalSection(SolutionProperties) = preSolution
		HideSolutionNode = FALSE
	EndGlobalSection
	GlobalSection(ExtensibilityGlobals) = postSolution
		SolutionGuid = {G1H2I3J4-K5L6-M7N8-O9P0-Q1R2S3T4U5V6}
	EndGlobalSection
EndGlobal